
Microsoft Visual Studio Solution File, Format Version 12.00
# Visual Studio 15
VisualStudioVersion = 15.0.27130.2027
MinimumVisualStudioVersion = 10.0.40219.1
Project("{FAE04EC0-301F-11D3-BF4B-00C04F79EFBC}") = "TimeRegistratorUI", "TimeRegistratorUI\TimeRegistratorUI.csproj", "{FD2CFEE8-21B0-43CF-995E-618989985823}"
EndProject
Project("{FAE04EC0-301F-11D3-BF4B-00C04F79EFBC}") = "TimeRegistratorBusinessLogic", "TimeRegistratorBusinessLogic\TimeRegistratorBusinessLogic.csproj", "{D5F742F8-FCB6-4A55-9F3A-06F54A747662}"
EndProject
Global
	GlobalSection(SolutionConfigurationPlatforms) = preSolution
		Debug|Any CPU = Debug|Any CPU
		Release|Any CPU = Release|Any CPU
	EndGlobalSection
	GlobalSection(ProjectConfigurationPlatforms) = postSolution
		{FD2CFEE8-21B0-43CF-995E-618989985823}.Debug|Any CPU.ActiveCfg = Debug|Any CPU
		{FD2CFEE8-21B0-43CF-995E-618989985823}.Debug|Any CPU.Build.0 = Debug|Any CPU
		{FD2CFEE8-21B0-43CF-995E-618989985823}.Release|Any CPU.ActiveCfg = Release|Any CPU
		{FD2CFEE8-21B0-43CF-995E-618989985823}.Release|Any CPU.Build.0 = Release|Any CPU
		{D5F742F8-FCB6-4A55-9F3A-06F54A747662}.Debug|Any CPU.ActiveCfg = Debug|Any CPU
		{D5F742F8-FCB6-4A55-9F3A-06F54A747662}.Debug|Any CPU.Build.0 = Debug|Any CPU
		{D5F742F8-FCB6-4A55-9F3A-06F54A747662}.Release|Any CPU.ActiveCfg = Release|Any CPU
		{D5F742F8-FCB6-4A55-9F3A-06F54A747662}.Release|Any CPU.Build.0 = Release|Any CPU
	EndGlobalSection
	GlobalSection(SolutionProperties) = preSolution
		HideSolutionNode = FALSE
	EndGlobalSection
	GlobalSection(ExtensibilityGlobals) = postSolution
		SolutionGuid = {0B7AF603-F6BF-463D-8785-70E235DA3598}
	EndGlobalSection
EndGlobal
